// !$*UTF8*$!
{
	archiveVersion = 1;
	classes = {
	};
	objectVersion = 46;
	objects = {

/* Begin PBXBuildFile section */
		3462F0FA1BD9C90200D012BB /* main.m in Sources */ = {isa = PBXBuildFile; fileRef = 3462F0F91BD9C90200D012BB /* main.m */; };
		3462F0FD1BD9C90200D012BB /* AppDelegate.m in Sources */ = {isa = PBXBuildFile; fileRef = 3462F0FC1BD9C90200D012BB /* AppDelegate.m */; };
		3462F0FF1BD9C90200D012BB /* Images.xcassets in Resources */ = {isa = PBXBuildFile; fileRef = 3462F0FE1BD9C90200D012BB /* Images.xcassets */; };
		3462F1021BD9C90200D012BB /* LaunchScreen.xib in Resources */ = {isa = PBXBuildFile; fileRef = 3462F1001BD9C90200D012BB /* LaunchScreen.xib */; };
		3462F10E1BD9C90200D012BB /* SnowflakeDwonTests.m in Sources */ = {isa = PBXBuildFile; fileRef = 3462F10D1BD9C90200D012BB /* SnowflakeDwonTests.m */; };
		3462F11B1BD9CB4D00D012BB /* flake.png in Resources */ = {isa = PBXBuildFile; fileRef = 3462F11A1BD9CB4D00D012BB /* flake.png */; };
		34FE21CA1BDA1D3000FF1EA8 /* ViewController.m in Sources */ = {isa = PBXBuildFile; fileRef = 34FE21C91BDA1D3000FF1EA8 /* ViewController.m */; };
/* End PBXBuildFile section */

/* Begin PBXContainerItemProxy section */
		3462F1081BD9C90200D012BB /* PBXContainerItemProxy */ = {
			isa = PBXContainerItemProxy;
			containerPortal = 3462F0EC1BD9C90200D012BB /* Project object */;
			proxyType = 1;
			remoteGlobalIDString = 3462F0F31BD9C90200D012BB;
			remoteInfo = SnowflakeDwon;
		};
/* End PBXContainerItemProxy section */

/* Begin PBXFileReference section */
		3462F0F41BD9C90200D012BB /* SnowflakeDwon.app */ = {isa = PBXFileReference; explicitFileType = wrapper.application; includeInIndex = 0; path = SnowflakeDwon.app; sourceTree = BUILT_PRODUCTS_DIR; };
		3462F0F81BD9C90200D012BB /* Info.plist */ = {isa = PBXFileReference; lastKnownFileType = text.plist.xml; path = Info.plist; sourceTree = "<group>"; };
		3462F0F91BD9C90200D012BB /* main.m */ = {isa = PBXFileReference; lastKnownFileType = sourcecode.c.objc; path = main.m; sourceTree = "<group>"; };
		3462F0FB1BD9C90200D012BB /* AppDelegate.h */ = {isa = PBXFileReference; lastKnownFileType = sourcecode.c.h; path = AppDelegate.h; sourceTree = "<group>"; };
		3462F0FC1BD9C90200D012BB /* AppDelegate.m */ = {isa = PBXFileReference; lastKnownFileType = sourcecode.c.objc; path = AppDelegate.m; sourceTree = "<group>"; };
		3462F0FE1BD9C90200D012BB /* Images.xcassets */ = {isa = PBXFileReference; lastKnownFileType = folder.assetcatalog; path = Images.xcassets; sourceTree = "<group>"; };
		3462F1011BD9C90200D012BB /* Base */ = {isa = PBXFileReference; lastKnownFileType = file.xib; name = Base; path = Base.lproj/LaunchScreen.xib; sourceTree = "<group>"; };
		3462F1071BD9C90200D012BB /* SnowflakeDwonTests.xctest */ = {isa = PBXFileReference; explicitFileType = wrapper.cfbundle; includeInIndex = 0; path = SnowflakeDwonTests.xctest; sourceTree = BUILT_PRODUCTS_DIR; };
		3462F10C1BD9C90200D012BB /* Info.plist */ = {isa = PBXFileReference; lastKnownFileType = text.plist.xml; path = Info.plist; sourceTree = "<group>"; };
		3462F10D1BD9C90200D012BB /* SnowflakeDwonTests.m */ = {isa = PBXFileReference; lastKnownFileType = sourcecode.c.objc; path = SnowflakeDwonTests.m; sourceTree = "<group>"; };
		3462F11A1BD9CB4D00D012BB /* flake.png */ = {isa = PBXFileReference; lastKnownFileType = image.png; path = flake.png; sourceTree = "<group>"; };
		34FE21C81BDA1D3000FF1EA8 /* ViewController.h */ = {isa = PBXFileReference; fileEncoding = 4; lastKnownFileType = sourcecode.c.h; path = ViewController.h; sourceTree = "<group>"; };
		34FE21C91BDA1D3000FF1EA8 /* ViewController.m */ = {isa = PBXFileReference; fileEncoding = 4; lastKnownFileType = sourcecode.c.objc; path = ViewController.m; sourceTree = "<group>"; };
/* End PBXFileReference section */

/* Begin PBXFrameworksBuildPhase section */
		3462F0F11BD9C90200D012BB /* Frameworks */ = {
			isa = PBXFrameworksBuildPhase;
			buildActionMask = 2147483647;
			files = (
			);
			runOnlyForDeploymentPostprocessing = 0;
		};
		3462F1041BD9C90200D012BB /* Frameworks */ = {
			isa = PBXFrameworksBuildPhase;
			buildActionMask = 2147483647;
			files = (
			);
			runOnlyForDeploymentPostprocessing = 0;
		};
/* End PBXFrameworksBuildPhase section */

/* Begin PBXGroup section */
		3462F0EB1BD9C90200D012BB = {
			isa = PBXGroup;
			children = (
				3462F0F61BD9C90200D012BB /* SnowflakeDwon */,
				3462F10A1BD9C90200D012BB /* SnowflakeDwonTests */,
				3462F0F51BD9C90200D012BB /* Products */,
			);
			sourceTree = "<group>";
		};
		3462F0F51BD9C90200D012BB /* Products */ = {
			isa = PBXGroup;
			children = (
				3462F0F41BD9C90200D012BB /* SnowflakeDwon.app */,
				3462F1071BD9C90200D012BB /* SnowflakeDwonTests.xctest */,
			);
			name = Products;
			sourceTree = "<group>";
		};
		3462F0F61BD9C90200D012BB /* SnowflakeDwon */ = {
			isa = PBXGroup;
			children = (
				3462F11A1BD9CB4D00D012BB /* flake.png */,
				3462F0FB1BD9C90200D012BB /* AppDelegate.h */,
				3462F0FC1BD9C90200D012BB /* AppDelegate.m */,
				34FE21C81BDA1D3000FF1EA8 /* ViewController.h */,
				34FE21C91BDA1D3000FF1EA8 /* ViewController.m */,
				3462F0FE1BD9C90200D012BB /* Images.xcassets */,
				3462F1001BD9C90200D012BB /* LaunchScreen.xib */,
				3462F0F71BD9C90200D012BB /* Supporting Files */,
			);
			path = SnowflakeDwon;
			sourceTree = "<group>";
		};
		3462F0F71BD9C90200D012BB /* Supporting Files */ = {
			isa = PBXGroup;
			children = (
				3462F0F81BD9C90200D012BB /* Info.plist */,
				3462F0F91BD9C90200D012BB /* main.m */,
			);
			name = "Supporting Files";
			sourceTree = "<group>";
		};
		3462F10A1BD9C90200D012BB /* SnowflakeDwonTests */ = {
			isa = PBXGroup;
			children = (
				3462F10D1BD9C90200D012BB /* SnowflakeDwonTests.m */,
				3462F10B1BD9C90200D012BB /* Supporting Files */,
			);
			path = SnowflakeDwonTests;
			sourceTree = "<group>";
		};
		3462F10B1BD9C90200D012BB /* Supporting Files */ = {
			isa = PBXGroup;
			children = (
				3462F10C1BD9C90200D012BB /* Info.plist */,
			);
			name = "Supporting Files";
			sourceTree = "<group>";
		};
/* End PBXGroup section */

/* Begin PBXNativeTarget section */
		3462F0F31BD9C90200D012BB /* SnowflakeDwon */ = {
			isa = PBXNativeTarget;
			buildConfigurationList = 3462F1111BD9C90200D012BB /* Build configuration list for PBXNativeTarget "SnowflakeDwon" */;
			buildPhases = (
				3462F0F01BD9C90200D012BB /* Sources */,
				3462F0F11BD9C90200D012BB /* Frameworks */,
				3462F0F21BD9C90200D012BB /* Resources */,
			);
			buildRules = (
			);
			dependencies = (
			);
			name = SnowflakeDwon;
			productName = SnowflakeDwon;
			productReference = 3462F0F41BD9C90200D012BB /* SnowflakeDwon.app */;
			productType = "com.apple.product-type.application";
		};
		3462F1061BD9C90200D012BB /* SnowflakeDwonTests */ = {
			isa = PBXNativeTarget;
			buildConfigurationList = 3462F1141BD9C90200D012BB /* Build configuration list for PBXNativeTarget "SnowflakeDwonTests" */;
			buildPhases = (
				3462F1031BD9C90200D012BB /* Sources */,
				3462F1041BD9C90200D012BB /* Frameworks */,
				3462F1051BD9C90200D012BB /* Resources */,
			);
			buildRules = (
			);
			dependencies = (
				3462F1091BD9C90200D012BB /* PBXTargetDependency */,
			);
			name = SnowflakeDwonTests;
			productName = SnowflakeDwonTests;
			productReference = 3462F1071BD9C90200D012BB /* SnowflakeDwonTests.xctest */;
			productType = "com.apple.product-type.bundle.unit-test";
		};
/* End PBXNativeTarget section */

/* Begin PBXProject section */
		3462F0EC1BD9C90200D012BB /* Project object */ = {
			isa = PBXProject;
			attributes = {
				LastUpgradeCheck = 0640;
				ORGANIZATIONNAME = waitForyoume;
				TargetAttributes = {
					3462F0F31BD9C90200D012BB = {
						CreatedOnToolsVersion = 6.3.2;
					};
					3462F1061BD9C90200D012BB = {
						CreatedOnToolsVersion = 6.3.2;
						TestTargetID = 3462F0F31BD9C90200D012BB;
					};
				};
			};
			buildConfigurationList = 3462F0EF1BD9C90200D012BB /* Build configuration list for PBXProject "SnowflakeDwon" */;
			compatibilityVersion = "Xcode 3.2";
			developmentRegion = English;
			hasScannedForEncodings = 0;
			knownRegions = (
				en,
				Base,
			);
			mainGroup = 3462F0EB1BD9C90200D012BB;
			productRefGroup = 3462F0F51BD9C90200D012BB /* Products */;
			projectDirPath = "";
			projectRoot = "";
			targets = (
				3462F0F31BD9C90200D012BB /* SnowflakeDwon */,
				3462F1061BD9C90200D012BB /* SnowflakeDwonTests */,
			);
		};
/* End PBXProject section */

/* Begin PBXResourcesBuildPhase section */
		3462F0F21BD9C90200D012BB /* Resources */ = {
			isa = PBXResourcesBuildPhase;
			buildActionMask = 2147483647;
			files = (
				3462F11B1BD9CB4D00D012BB /* flake.png in Resources */,
				3462F1021BD9C90200D012BB /* LaunchScreen.xib in Resources */,
				3462F0FF1BD9C90200D012BB /* Images.xcassets in Resources */,
			);
			runOnlyForDeploymentPostprocessing = 0;
		};
		3462F1051BD9C90200D012BB /* Resources */ = {
			isa = PBXResourcesBuildPhase;
			buildActionMask = 2147483647;
			files = (
			);
			runOnlyForDeploymentPostprocessing = 0;
		};
/* End PBXResourcesBuildPhase section */

/* Begin PBXSourcesBuildPhase section */
		3462F0F01BD9C90200D012BB /* Sources */ = {
			isa = PBXSourcesBuildPhase;
			buildActionMask = 2147483647;
			files = (
				3462F0FD1BD9C90200D012BB /* AppDelegate.m in Sources */,
				34FE21CA1BDA1D3000FF1EA8 /* ViewController.m in Sources */,
				3462F0FA1BD9C90200D012BB /* main.m in Sources */,
			);
			runOnlyForDeploymentPostprocessing = 0;
		};
		3462F1031BD9C90200D012BB /* Sources */ = {
			isa = PBXSourcesBuildPhase;
			buildActionMask = 2147483647;
			files = (
				3462F10E1BD9C90200D012BB /* SnowflakeDwonTests.m in Sources */,
			);
			runOnlyForDeploymentPostprocessing = 0;
		};
/* End PBXSourcesBuildPhase section */

/* Begin PBXTargetDependency section */
		3462F1091BD9C90200D012BB /* PBXTargetDependency */ = {
			isa = PBXTargetDependency;
			target = 3462F0F31BD9C90200D012BB /* SnowflakeDwon */;
			targetProxy = 3462F1081BD9C90200D012BB /* PBXContainerItemProxy */;
		};
/* End PBXTargetDependency section */

/* Begin PBXVariantGroup section */
		3462F1001BD9C90200D012BB /* LaunchScreen.xib */ = {
			isa = PBXVariantGroup;
			children = (
				3462F1011BD9C90200D012BB /* Base */,
			);
			name = LaunchScreen.xib;
			sourceTree = "<group>";
		};
/* End PBXVariantGroup section */

/* Begin XCBuildConfiguration section */
		3462F10F1BD9C90200D012BB /* Debug */ = {
			isa = XCBuildConfiguration;
			buildSettings = {
				ALWAYS_SEARCH_USER_PATHS = NO;
				CLANG_CXX_LANGUAGE_STANDARD = "gnu++0x";
				CLANG_CXX_LIBRARY = "libc++";
				CLANG_ENABLE_MODULES = YES;
				CLANG_ENABLE_OBJC_ARC = YES;
				CLANG_WARN_BOOL_CONVERSION = YES;
				CLANG_WARN_CONSTANT_CONVERSION = YES;
				CLANG_WARN_DIRECT_OBJC_ISA_USAGE = YES_ERROR;
				CLANG_WARN_EMPTY_BODY = YES;
				CLANG_WARN_ENUM_CONVERSION = YES;
				CLANG_WARN_INT_CONVERSION = YES;
				CLANG_WARN_OBJC_ROOT_CLASS = YES_ERROR;
				CLANG_WARN_UNREACHABLE_CODE = YES;
				CLANG_WARN__DUPLICATE_METHOD_MATCH = YES;
				"CODE_SIGN_IDENTITY[sdk=iphoneos*]" = "iPhone Developer";
				COPY_PHASE_STRIP = NO;
				DEBUG_INFORMATION_FORMAT = "dwarf-with-dsym";
				ENABLE_STRICT_OBJC_MSGSEND = YES;
				GCC_C_LANGUAGE_STANDARD = gnu99;
				GCC_DYNAMIC_NO_PIC = NO;
				GCC_NO_COMMON_BLOCKS = YES;
				GCC_OPTIMIZATION_LEVEL = 0;
				GCC_PREPROCESSOR_DEFINITIONS = (
					"DEBUG=1",
					"$(inherited)",
				);
				GCC_SYMBOLS_PRIVATE_EXTERN = NO;
				GCC_WARN_64_TO_32_BIT_CONVERSION = YES;
				GCC_WARN_ABOUT_RETURN_TYPE = YES_ERROR;
				GCC_WARN_UNDECLARED_SELECTOR = YES;
				GCC_WARN_UNINITIALIZED_AUTOS = YES_AGGRESSIVE;
				GCC_WARN_UNUSED_FUNCTION = YES;
				GCC_WARN_UNUSED_VARIABLE = YES;
				IPHONEOS_DEPLOYMENT_TARGET = 8.3;
				MTL_ENABLE_DEBUG_INFO = YES;
				ONLY_ACTIVE_ARCH = YES;
				SDKROOT = iphoneos;
			};
			name = Debug;
		};
		3462F1101BD9C90200D012BB /* Release */ = {
			isa = XCBuildConfiguration;
			buildSettings = {
				ALWAYS_SEARCH_USER_PATHS = NO;
				CLANG_CXX_LANGUAGE_STANDARD = "gnu++0x";
				CLANG_CXX_LIBRARY = "libc++";
				CLANG_ENABLE_MODULES = YES;
				CLANG_ENABLE_OBJC_ARC = YES;
				CLANG_WARN_BOOL_CONVERSION = YES;
				CLANG_WARN_CONSTANT_CONVERSION = YES;
				CLANG_WARN_DIRECT_OBJC_ISA_USAGE = YES_ERROR;
				CLANG_WARN_EMPTY_BODY = YES;
				CLANG_WARN_ENUM_CONVERSION = YES;
				CLANG_WARN_INT_CONVERSION = YES;
				CLANG_WARN_OBJC_ROOT_CLASS = YES_ERROR;
				CLANG_WARN_UNREACHABLE_CODE = YES;
				CLANG_WARN__DUPLICATE_METHOD_MATCH = YES;
				"CODE_SIGN_IDENTITY[sdk=iphoneos*]" = "iPhone Developer";
				COPY_PHASE_STRIP = NO;
				DEBUG_INFORMATION_FORMAT = "dwarf-with-dsym";
				ENABLE_NS_ASSERTIONS = NO;
				ENABLE_STRICT_OBJC_MSGSEND = YES;
				GCC_C_LANGUAGE_STANDARD = gnu99;
				GCC_NO_COMMON_BLOCKS = YES;
				GCC_WARN_64_TO_32_BIT_CONVERSION = YES;
				GCC_WARN_ABOUT_RETURN_TYPE = YES_ERROR;
				GCC_WARN_UNDECLARED_SELECTOR = YES;
				GCC_WARN_UNINITIALIZED_AUTOS = YES_AGGRESSIVE;
				GCC_WARN_UNUSED_FUNCTION = YES;
				GCC_WARN_UNUSED_VARIABLE = YES;
				IPHONEOS_DEPLOYMENT_TARGET = 8.3;
				MTL_ENABLE_DEBUG_INFO = NO;
				SDKROOT = iphoneos;
				VALIDATE_PRODUCT = YES;
			};
			name = Release;
		};
		3462F1121BD9C90200D012BB /* Debug */ = {
			isa = XCBuildConfiguration;
			buildSettings = {
				ASSETCATALOG_COMPILER_APPICON_NAME = AppIcon;
				CLANG_ENABLE_OBJC_ARC = NO;
				INFOPLIST_FILE = SnowflakeDwon/Info.plist;
				LD_RUNPATH_SEARCH_PATHS = "$(inherited) @executable_path/Frameworks";
				PRODUCT_NAME = "$(TARGET_NAME)";
			};
			name = Debug;
		};
		3462F1131BD9C90200D012BB /* Release */ = {
			isa = XCBuildConfiguration;
			buildSettings = {
				ASSETCATALOG_COMPILER_APPICON_NAME = AppIcon;
				CLANG_ENABLE_OBJC_ARC = NO;
				INFOPLIST_FILE = SnowflakeDwon/Info.plist;
				LD_RUNPATH_SEARCH_PATHS = "$(inherited) @executable_path/Frameworks";
				PRODUCT_NAME = "$(TARGET_NAME)";
			};
			name = Release;
		};
		3462F1151BD9C90200D012BB /* Debug */ = {
			isa = XCBuildConfiguration;
			buildSettings = {
				BUNDLE_LOADER = "$(TEST_HOST)";
				FRAMEWORK_SEARCH_PATHS = (
					"$(SDKROOT)/Developer/Library/Frameworks",
					"$(inherited)",
				);
				GCC_PREPROCESSOR_DEFINITIONS = (
					"DEBUG=1",
					"$(inherited)",
				);
				INFOPLIST_FILE = SnowflakeDwonTests/Info.plist;
				LD_RUNPATH_SEARCH_PATHS = "$(inherited) @executable_path/Frameworks @loader_path/Frameworks";
				PRODUCT_NAME = "$(TARGET_NAME)";
				TEST_HOST = "$(BUILT_PRODUCTS_DIR)/SnowflakeDwon.app/SnowflakeDwon";
			};
			name = Debug;
		};
		3462F1161BD9C90200D012BB /* Release */ = {
			isa = XCBuildConfiguration;
			buildSettings = {
				BUNDLE_LOADER = "$(TEST_HOST)";
				FRAMEWORK_SEARCH_PATHS = (
					"$(SDKROOT)/Developer/Library/Frameworks",
					"$(inherited)",
				);
				INFOPLIST_FILE = SnowflakeDwonTests/Info.plist;
				LD_RUNPATH_SEARCH_PATHS = "$(inherited) @executable_path/Frameworks @loader_path/Frameworks";
				PRODUCT_NAME = "$(TARGET_NAME)";
				TEST_HOST = "$(BUILT_PRODUCTS_DIR)/SnowflakeDwon.app/SnowflakeDwon";
			};
			name = Release;
		};
/* End XCBuildConfiguration section */

/* Begin XCConfigurationList section */
		3462F0EF1BD9C90200D012BB /* Build configuration list for PBXProject "SnowflakeDwon" */ = {
			isa = XCConfigurationList;
			buildConfigurations = (
				3462F10F1BD9C90200D012BB /* Debug */,
				3462F1101BD9C90200D012BB /* Release */,
			);
			defaultConfigurationIsVisible = 0;
			defaultConfigurationName = Release;
		};
		3462F1111BD9C90200D012BB /* Build configuration list for PBXNativeTarget "SnowflakeDwon" */ = {
			isa = XCConfigurationList;
			buildConfigurations = (
				3462F1121BD9C90200D012BB /* Debug */,
				3462F1131BD9C90200D012BB /* Release */,
			);
			defaultConfigurationIsVisible = 0;
			defaultConfigurationName = Release;
		};
		3462F1141BD9C90200D012BB /* Build configuration list for PBXNativeTarget "SnowflakeDwonTests" */ = {
			isa = XCConfigurationList;
			buildConfigurations = (
				3462F1151BD9C90200D012BB /* Debug */,
				3462F1161BD9C90200D012BB /* Release */,
			);
			defaultConfigurationIsVisible = 0;
			defaultConfigurationName = Release;
		};
/* End XCConfigurationList section */
	};
	rootObject = 3462F0EC1BD9C90200D012BB /* Project object */;
}
